
Microsoft Visual Studio Solution File, Format Version 12.00
# Visual Studio Version 17
VisualStudioVersion = 17.6.33815.320
MinimumVisualStudioVersion = 10.0.40219.1
Project("{FAE04EC0-301F-11D3-BF4B-00C04F79EFBC}") = "ADO.net", "ADO.net\ADO.net.csproj", "{B03B0F7B-8A62-4058-9858-ABDC0981D637}"
EndProject
Global
	GlobalSection(SolutionConfigurationPlatforms) = preSolution
		Debug|Any CPU = Debug|Any CPU
		Release|Any CPU = Release|Any CPU
	EndGlobalSection
	GlobalSection(ProjectConfigurationPlatforms) = postSolution
		{B03B0F7B-8A62-4058-9858-ABDC0981D637}.Debug|Any CPU.ActiveCfg = Debug|Any CPU
		{B03B0F7B-8A62-4058-9858-ABDC0981D637}.Debug|Any CPU.Build.0 = Debug|Any CPU
		{B03B0F7B-8A62-4058-9858-ABDC0981D637}.Release|Any CPU.ActiveCfg = Release|Any CPU
		{B03B0F7B-8A62-4058-9858-ABDC0981D637}.Release|Any CPU.Build.0 = Release|Any CPU
	EndGlobalSection
	GlobalSection(SolutionProperties) = preSolution
		HideSolutionNode = FALSE
	EndGlobalSection
	GlobalSection(ExtensibilityGlobals) = postSolution
		SolutionGuid = {5113D288-527F-4C77-9950-4B6489ED636A}
	EndGlobalSection
EndGlobal
